
Microsoft Visual Studio Solution File, Format Version 12.00
# Visual Studio Version 17
VisualStudioVersion = 17.14.36109.1 d17.14
MinimumVisualStudioVersion = 10.0.40219.1
Project("{FAE04EC0-301F-11D3-BF4B-00C04F79EFBC}") = "Azunt.ProgressiveTypeManagement", "Azunt.ProgressiveTypeManagement\Azunt.ProgressiveTypeManagement.csproj", "{5B0F061D-2F28-35A1-CA39-E7B6044AB955}"
EndProject
Global
	GlobalSection(SolutionConfigurationPlatforms) = preSolution
		Debug|Any CPU = Debug|Any CPU
		Release|Any CPU = Release|Any CPU
	EndGlobalSection
	GlobalSection(ProjectConfigurationPlatforms) = postSolution
		{5B0F061D-2F28-35A1-CA39-E7B6044AB955}.Debug|Any CPU.ActiveCfg = Debug|Any CPU
		{5B0F061D-2F28-35A1-CA39-E7B6044AB955}.Debug|Any CPU.Build.0 = Debug|Any CPU
		{5B0F061D-2F28-35A1-CA39-E7B6044AB955}.Release|Any CPU.ActiveCfg = Release|Any CPU
		{5B0F061D-2F28-35A1-CA39-E7B6044AB955}.Release|Any CPU.Build.0 = Release|Any CPU
	EndGlobalSection
	GlobalSection(SolutionProperties) = preSolution
		HideSolutionNode = FALSE
	EndGlobalSection
	GlobalSection(ExtensibilityGlobals) = postSolution
		SolutionGuid = {86693B12-8A12-4CDA-AF63-C45ED13F39FB}
	EndGlobalSection
EndGlobal
